schema: '2.0'
stages:
  prepare:
    cmd: python src/prepare.py 
      --input_file=data/raw/WA_Fn-UseC_-Telco-Customer-Churn.csv 
      --output_dir=data/prepared
    deps:
    - path: data/raw/WA_Fn-UseC_-Telco-Customer-Churn.csv
      hash: md5
      md5: 0f9de68e012bd3aed5fa7cdc9fc421af
      size: 977501
    - path: src/prepare.py
      hash: md5
      md5: 9699b3efed3a67a13af695d3bafdf181
      size: 2919
    outs:
    - path: data/prepared
      hash: md5
      md5: fa3b13e2b76378185b51cc651a8f2992.dir
      size: 1045988
      nfiles: 2
  train:
    cmd: python src/train.py --model_output_dir=data/models 
      --model_type=random_forest --max_depth=20
    deps:
    - path: data/prepared
      hash: md5
      md5: fa3b13e2b76378185b51cc651a8f2992.dir
      size: 1045988
      nfiles: 2
    - path: src/train.py
      hash: md5
      md5: 718082f55b52eb01e3fd35d21d7c8a2f
      size: 12931
    outs:
    - path: data/models
      hash: md5
      md5: f6a5776073266370ed743c0f2a94271b.dir
      size: 27828679
      nfiles: 3
